// !$*UTF8*$!
{
	archiveVersion = 1;
	classes = {
	};
	objectVersion = 46;
	objects = {

/* Begin PBXBuildFile section */
		1895D6C519AFB78E0091F3FA /* AppDelegate.swift in Sources */ = {isa = PBXBuildFile; fileRef = 1895D6C419AFB78E0091F3FA /* AppDelegate.swift */; };
		1895D6C719AFB78E0091F3FA /* ViewController.swift in Sources */ = {isa = PBXBuildFile; fileRef = 1895D6C619AFB78E0091F3FA /* ViewController.swift */; };
		1895D6CA19AFB78E0091F3FA /* Main.storyboard in Resources */ = {isa = PBXBuildFile; fileRef = 1895D6C819AFB78E0091F3FA /* Main.storyboard */; };
		1895D6CC19AFB78E0091F3FA /* Images.xcassets in Resources */ = {isa = PBXBuildFile; fileRef = 1895D6CB19AFB78E0091F3FA /* Images.xcassets */; };
		1895D6D819AFB78E0091F3FA /* TipCalculatorTests.swift in Sources */ = {isa = PBXBuildFile; fileRef = 1895D6D719AFB78E0091F3FA /* TipCalculatorTests.swift */; };
/* End PBXBuildFile section */

/* Begin PBXContainerItemProxy section */
		1895D6D219AFB78E0091F3FA /* PBXContainerItemProxy */ = {
			isa = PBXContainerItemProxy;
			containerPortal = 1895D6B719AFB78E0091F3FA /* Project object */;
			proxyType = 1;
			remoteGlobalIDString = 1895D6BE19AFB78E0091F3FA;
			remoteInfo = TipCalculator;
		};
/* End PBXContainerItemProxy section */

/* Begin PBXFileReference section */
		1895D6BF19AFB78E0091F3FA /* TipCalculator.app */ = {isa = PBXFileReference; explicitFileType = wrapper.application; includeInIndex = 0; path = TipCalculator.app; sourceTree = BUILT_PRODUCTS_DIR; };
		1895D6C319AFB78E0091F3FA /* Info.plist */ = {isa = PBXFileReference; lastKnownFileType = text.plist.xml; path = Info.plist; sourceTree = "<group>"; };
		1895D6C419AFB78E0091F3FA /* AppDelegate.swift */ = {isa = PBXFileReference; lastKnownFileType = sourcecode.swift; path = AppDelegate.swift; sourceTree = "<group>"; };
		1895D6C619AFB78E0091F3FA /* ViewController.swift */ = {isa = PBXFileReference; lastKnownFileType = sourcecode.swift; path = ViewController.swift; sourceTree = "<group>"; };
		1895D6C919AFB78E0091F3FA /* Base */ = {isa = PBXFileReference; lastKnownFileType = file.storyboard; name = Base; path = Base.lproj/Main.storyboard; sourceTree = "<group>"; };
		1895D6CB19AFB78E0091F3FA /* Images.xcassets */ = {isa = PBXFileReference; lastKnownFileType = folder.assetcatalog; path = Images.xcassets; sourceTree = "<group>"; };
		1895D6D119AFB78E0091F3FA /* TipCalculatorTests.xctest */ = {isa = PBXFileReference; explicitFileType = wrapper.cfbundle; includeInIndex = 0; path = TipCalculatorTests.xctest; sourceTree = BUILT_PRODUCTS_DIR; };
		1895D6D619AFB78E0091F3FA /* Info.plist */ = {isa = PBXFileReference; lastKnownFileType = text.plist.xml; path = Info.plist; sourceTree = "<group>"; };
		1895D6D719AFB78E0091F3FA /* TipCalculatorTests.swift */ = {isa = PBXFileReference; lastKnownFileType = sourcecode.swift; path = TipCalculatorTests.swift; sourceTree = "<group>"; };
/* End PBXFileReference section */

/* Begin PBXFrameworksBuildPhase section */
		1895D6BC19AFB78E0091F3FA /* Frameworks */ = {
			isa = PBXFrameworksBuildPhase;
			buildActionMask = 2147483647;
			files = (
			);
			runOnlyForDeploymentPostprocessing = 0;
		};
		1895D6CE19AFB78E0091F3FA /* Frameworks */ = {
			isa = PBXFrameworksBuildPhase;
			buildActionMask = 2147483647;
			files = (
			);
			runOnlyForDeploymentPostprocessing = 0;
		};
/* End PBXFrameworksBuildPhase section */

/* Begin PBXGroup section */
		1895D6B619AFB78E0091F3FA = {
			isa = PBXGroup;
			children = (
				1895D6C119AFB78E0091F3FA /* TipCalculator */,
				1895D6D419AFB78E0091F3FA /* TipCalculatorTests */,
				1895D6C019AFB78E0091F3FA /* Products */,
			);
			sourceTree = "<group>";
		};
		1895D6C019AFB78E0091F3FA /* Products */ = {
			isa = PBXGroup;
			children = (
				1895D6BF19AFB78E0091F3FA /* TipCalculator.app */,
				1895D6D119AFB78E0091F3FA /* TipCalculatorTests.xctest */,
			);
			name = Products;
			sourceTree = "<group>";
		};
		1895D6C119AFB78E0091F3FA /* TipCalculator */ = {
			isa = PBXGroup;
			children = (
				1895D6C419AFB78E0091F3FA /* AppDelegate.swift */,
				1895D6C619AFB78E0091F3FA /* ViewController.swift */,
				1895D6C819AFB78E0091F3FA /* Main.storyboard */,
				1895D6CB19AFB78E0091F3FA /* Images.xcassets */,
				1895D6C219AFB78E0091F3FA /* Supporting Files */,
			);
			path = TipCalculator;
			sourceTree = "<group>";
		};
		1895D6C219AFB78E0091F3FA /* Supporting Files */ = {
			isa = PBXGroup;
			children = (
				1895D6C319AFB78E0091F3FA /* Info.plist */,
			);
			name = "Supporting Files";
			sourceTree = "<group>";
		};
		1895D6D419AFB78E0091F3FA /* TipCalculatorTests */ = {
			isa = PBXGroup;
			children = (
				1895D6D719AFB78E0091F3FA /* TipCalculatorTests.swift */,
				1895D6D519AFB78E0091F3FA /* Supporting Files */,
			);
			path = TipCalculatorTests;
			sourceTree = "<group>";
		};
		1895D6D519AFB78E0091F3FA /* Supporting Files */ = {
			isa = PBXGroup;
			children = (
				1895D6D619AFB78E0091F3FA /* Info.plist */,
			);
			name = "Supporting Files";
			sourceTree = "<group>";
		};
/* End PBXGroup section */

/* Begin PBXNativeTarget section */
		1895D6BE19AFB78E0091F3FA /* TipCalculator */ = {
			isa = PBXNativeTarget;
			buildConfigurationList = 1895D6DB19AFB78E0091F3FA /* Build configuration list for PBXNativeTarget "TipCalculator" */;
			buildPhases = (
				1895D6BB19AFB78E0091F3FA /* Sources */,
				1895D6BC19AFB78E0091F3FA /* Frameworks */,
				1895D6BD19AFB78E0091F3FA /* Resources */,
			);
			buildRules = (
			);
			dependencies = (
			);
			name = TipCalculator;
			productName = TipCalculator;
			productReference = 1895D6BF19AFB78E0091F3FA /* TipCalculator.app */;
			productType = "com.apple.product-type.application";
		};
		1895D6D019AFB78E0091F3FA /* TipCalculatorTests */ = {
			isa = PBXNativeTarget;
			buildConfigurationList = 1895D6DE19AFB78E0091F3FA /* Build configuration list for PBXNativeTarget "TipCalculatorTests" */;
			buildPhases = (
				1895D6CD19AFB78E0091F3FA /* Sources */,
				1895D6CE19AFB78E0091F3FA /* Frameworks */,
				1895D6CF19AFB78E0091F3FA /* Resources */,
			);
			buildRules = (
			);
			dependencies = (
				1895D6D319AFB78E0091F3FA /* PBXTargetDependency */,
			);
			name = TipCalculatorTests;
			productName = TipCalculatorTests;
			productReference = 1895D6D119AFB78E0091F3FA /* TipCalculatorTests.xctest */;
			productType = "com.apple.product-type.bundle.unit-test";
		};
/* End PBXNativeTarget section */

/* Begin PBXProject section */
		1895D6B719AFB78E0091F3FA /* Project object */ = {
			isa = PBXProject;
			attributes = {
				LastUpgradeCheck = 0600;
				ORGANIZATIONNAME = "Shanky Subramanian";
				TargetAttributes = {
					1895D6BE19AFB78E0091F3FA = {
						CreatedOnToolsVersion = 6.0;
					};
					1895D6D019AFB78E0091F3FA = {
						CreatedOnToolsVersion = 6.0;
						TestTargetID = 1895D6BE19AFB78E0091F3FA;
					};
				};
			};
			buildConfigurationList = 1895D6BA19AFB78E0091F3FA /* Build configuration list for PBXProject "TipCalculator" */;
			compatibilityVersion = "Xcode 3.2";
			developmentRegion = English;
			hasScannedForEncodings = 0;
			knownRegions = (
				en,
				Base,
			);
			mainGroup = 1895D6B619AFB78E0091F3FA;
			productRefGroup = 1895D6C019AFB78E0091F3FA /* Products */;
			projectDirPath = "";
			projectRoot = "";
			targets = (
				1895D6BE19AFB78E0091F3FA /* TipCalculator */,
				1895D6D019AFB78E0091F3FA /* TipCalculatorTests */,
			);
		};
/* End PBXProject section */

/* Begin PBXResourcesBuildPhase section */
		1895D6BD19AFB78E0091F3FA /* Resources */ = {
			isa = PBXResourcesBuildPhase;
			buildActionMask = 2147483647;
			files = (
				1895D6CA19AFB78E0091F3FA /* Main.storyboard in Resources */,
				1895D6CC19AFB78E0091F3FA /* Images.xcassets in Resources */,
			);
			runOnlyForDeploymentPostprocessing = 0;
		};
		1895D6CF19AFB78E0091F3FA /* Resources */ = {
			isa = PBXResourcesBuildPhase;
			buildActionMask = 2147483647;
			files = (
			);
			runOnlyForDeploymentPostprocessing = 0;
		};
/* End PBXResourcesBuildPhase section */

/* Begin PBXSourcesBuildPhase section */
		1895D6BB19AFB78E0091F3FA /* Sources */ = {
			isa = PBXSourcesBuildPhase;
			buildActionMask = 2147483647;
			files = (
				1895D6C719AFB78E0091F3FA /* ViewController.swift in Sources */,
				1895D6C519AFB78E0091F3FA /* AppDelegate.swift in Sources */,
			);
			runOnlyForDeploymentPostprocessing = 0;
		};
		1895D6CD19AFB78E0091F3FA /* Sources */ = {
			isa = PBXSourcesBuildPhase;
			buildActionMask = 2147483647;
			files = (
				1895D6D819AFB78E0091F3FA /* TipCalculatorTests.swift in Sources */,
			);
			runOnlyForDeploymentPostprocessing = 0;
		};
/* End PBXSourcesBuildPhase section */

/* Begin PBXTargetDependency section */
		1895D6D319AFB78E0091F3FA /* PBXTargetDependency */ = {
			isa = PBXTargetDependency;
			target = 1895D6BE19AFB78E0091F3FA /* TipCalculator */;
			targetProxy = 1895D6D219AFB78E0091F3FA /* PBXContainerItemProxy */;
		};
/* End PBXTargetDependency section */

/* Begin PBXVariantGroup section */
		1895D6C819AFB78E0091F3FA /* Main.storyboard */ = {
			isa = PBXVariantGroup;
			children = (
				1895D6C919AFB78E0091F3FA /* Base */,
			);
			name = Main.storyboard;
			sourceTree = "<group>";
		};
/* End PBXVariantGroup section */

/* Begin XCBuildConfiguration section */
		1895D6D919AFB78E0091F3FA /* Debug */ = {
			isa = XCBuildConfiguration;
			buildSettings = {
				ALWAYS_SEARCH_USER_PATHS = NO;
				CLANG_CXX_LANGUAGE_STANDARD = "gnu++0x";
				CLANG_CXX_LIBRARY = "libc++";
				CLANG_ENABLE_MODULES = YES;
				CLANG_ENABLE_OBJC_ARC = YES;
				CLANG_WARN_BOOL_CONVERSION = YES;
				CLANG_WARN_CONSTANT_CONVERSION = YES;
				CLANG_WARN_DIRECT_OBJC_ISA_USAGE = YES_ERROR;
				CLANG_WARN_EMPTY_BODY = YES;
				CLANG_WARN_ENUM_CONVERSION = YES;
				CLANG_WARN_INT_CONVERSION = YES;
				CLANG_WARN_OBJC_ROOT_CLASS = YES_ERROR;
				CLANG_WARN_UNREACHABLE_CODE = YES;
				CLANG_WARN__DUPLICATE_METHOD_MATCH = YES;
				"CODE_SIGN_IDENTITY[sdk=iphoneos*]" = "iPhone Developer";
				COPY_PHASE_STRIP = NO;
				ENABLE_STRICT_OBJC_MSGSEND = YES;
				GCC_C_LANGUAGE_STANDARD = gnu99;
				GCC_DYNAMIC_NO_PIC = NO;
				GCC_OPTIMIZATION_LEVEL = 0;
				GCC_PREPROCESSOR_DEFINITIONS = (
					"DEBUG=1",
					"$(inherited)",
				);
				GCC_SYMBOLS_PRIVATE_EXTERN = NO;
				GCC_WARN_64_TO_32_BIT_CONVERSION = YES;
				GCC_WARN_ABOUT_RETURN_TYPE = YES_ERROR;
				GCC_WARN_UNDECLARED_SELECTOR = YES;
				GCC_WARN_UNINITIALIZED_AUTOS = YES_AGGRESSIVE;
				GCC_WARN_UNUSED_FUNCTION = YES;
				GCC_WARN_UNUSED_VARIABLE = YES;
				IPHONEOS_DEPLOYMENT_TARGET = 8.0;
				MTL_ENABLE_DEBUG_INFO = YES;
				ONLY_ACTIVE_ARCH = YES;
				SDKROOT = iphoneos;
				SWIFT_OPTIMIZATION_LEVEL = "-Onone";
			};
			name = Debug;
		};
		1895D6DA19AFB78E0091F3FA /* Release */ = {
			isa = XCBuildConfiguration;
			buildSettings = {
				ALWAYS_SEARCH_USER_PATHS = NO;
				CLANG_CXX_LANGUAGE_STANDARD = "gnu++0x";
				CLANG_CXX_LIBRARY = "libc++";
				CLANG_ENABLE_MODULES = YES;
				CLANG_ENABLE_OBJC_ARC = YES;
				CLANG_WARN_BOOL_CONVERSION = YES;
				CLANG_WARN_CONSTANT_CONVERSION = YES;
				CLANG_WARN_DIRECT_OBJC_ISA_USAGE = YES_ERROR;
				CLANG_WARN_EMPTY_BODY = YES;
				CLANG_WARN_ENUM_CONVERSION = YES;
				CLANG_WARN_INT_CONVERSION = YES;
				CLANG_WARN_OBJC_ROOT_CLASS = YES_ERROR;
				CLANG_WARN_UNREACHABLE_CODE = YES;
				CLANG_WARN__DUPLICATE_METHOD_MATCH = YES;
				"CODE_SIGN_IDENTITY[sdk=iphoneos*]" = "iPhone Developer";
				COPY_PHASE_STRIP = YES;
				ENABLE_NS_ASSERTIONS = NO;
				ENABLE_STRICT_OBJC_MSGSEND = YES;
				GCC_C_LANGUAGE_STANDARD = gnu99;
				GCC_WARN_64_TO_32_BIT_CONVERSION = YES;
				GCC_WARN_ABOUT_RETURN_TYPE = YES_ERROR;
				GCC_WARN_UNDECLARED_SELECTOR = YES;
				GCC_WARN_UNINITIALIZED_AUTOS = YES_AGGRESSIVE;
				GCC_WARN_UNUSED_FUNCTION = YES;
				GCC_WARN_UNUSED_VARIABLE = YES;
				IPHONEOS_DEPLOYMENT_TARGET = 8.0;
				MTL_ENABLE_DEBUG_INFO = NO;
				SDKROOT = iphoneos;
				VALIDATE_PRODUCT = YES;
			};
			name = Release;
		};
		1895D6DC19AFB78E0091F3FA /* Debug */ = {
			isa = XCBuildConfiguration;
			buildSettings = {
				ASSETCATALOG_COMPILER_APPICON_NAME = AppIcon;
				ASSETCATALOG_COMPILER_LAUNCHIMAGE_NAME = LaunchImage;
				INFOPLIST_FILE = TipCalculator/Info.plist;
				IPHONEOS_DEPLOYMENT_TARGET = 7.1;
				LD_RUNPATH_SEARCH_PATHS = "$(inherited) @executable_path/Frameworks";
				PRODUCT_NAME = "$(TARGET_NAME)";
				TARGETED_DEVICE_FAMILY = 1;
			};
			name = Debug;
		};
		1895D6DD19AFB78E0091F3FA /* Release */ = {
			isa = XCBuildConfiguration;
			buildSettings = {
				ASSETCATALOG_COMPILER_APPICON_NAME = AppIcon;
				ASSETCATALOG_COMPILER_LAUNCHIMAGE_NAME = LaunchImage;
				INFOPLIST_FILE = TipCalculator/Info.plist;
				IPHONEOS_DEPLOYMENT_TARGET = 7.1;
				LD_RUNPATH_SEARCH_PATHS = "$(inherited) @executable_path/Frameworks";
				PRODUCT_NAME = "$(TARGET_NAME)";
				TARGETED_DEVICE_FAMILY = 1;
			};
			name = Release;
		};
		1895D6DF19AFB78E0091F3FA /* Debug */ = {
			isa = XCBuildConfiguration;
			buildSettings = {
				BUNDLE_LOADER = "$(TEST_HOST)";
				FRAMEWORK_SEARCH_PATHS = (
					"$(SDKROOT)/Developer/Library/Frameworks",
					"$(inherited)",
				);
				GCC_PREPROCESSOR_DEFINITIONS = (
					"DEBUG=1",
					"$(inherited)",
				);
				INFOPLIST_FILE = TipCalculatorTests/Info.plist;
				LD_RUNPATH_SEARCH_PATHS = "$(inherited) @executable_path/Frameworks @loader_path/Frameworks";
				PRODUCT_NAME = "$(TARGET_NAME)";
				TEST_HOST = "$(BUILT_PRODUCTS_DIR)/TipCalculator.app/TipCalculator";
			};
			name = Debug;
		};
		1895D6E019AFB78E0091F3FA /* Release */ = {
			isa = XCBuildConfiguration;
			buildSettings = {
				BUNDLE_LOADER = "$(TEST_HOST)";
				FRAMEWORK_SEARCH_PATHS = (
					"$(SDKROOT)/Developer/Library/Frameworks",
					"$(inherited)",
				);
				INFOPLIST_FILE = TipCalculatorTests/Info.plist;
				LD_RUNPATH_SEARCH_PATHS = "$(inherited) @executable_path/Frameworks @loader_path/Frameworks";
				PRODUCT_NAME = "$(TARGET_NAME)";
				TEST_HOST = "$(BUILT_PRODUCTS_DIR)/TipCalculator.app/TipCalculator";
			};
			name = Release;
		};
/* End XCBuildConfiguration section */

/* Begin XCConfigurationList section */
		1895D6BA19AFB78E0091F3FA /* Build configuration list for PBXProject "TipCalculator" */ = {
			isa = XCConfigurationList;
			buildConfigurations = (
				1895D6D919AFB78E0091F3FA /* Debug */,
				1895D6DA19AFB78E0091F3FA /* Release */,
			);
			defaultConfigurationIsVisible = 0;
			defaultConfigurationName = Release;
		};
		1895D6DB19AFB78E0091F3FA /* Build configuration list for PBXNativeTarget "TipCalculator" */ = {
			isa = XCConfigurationList;
			buildConfigurations = (
				1895D6DC19AFB78E0091F3FA /* Debug */,
				1895D6DD19AFB78E0091F3FA /* Release */,
			);
			defaultConfigurationIsVisible = 0;
			defaultConfigurationName = Release;
		};
		1895D6DE19AFB78E0091F3FA /* Build configuration list for PBXNativeTarget "TipCalculatorTests" */ = {
			isa = XCConfigurationList;
			buildConfigurations = (
				1895D6DF19AFB78E0091F3FA /* Debug */,
				1895D6E019AFB78E0091F3FA /* Release */,
			);
			defaultConfigurationIsVisible = 0;
			defaultConfigurationName = Release;
		};
/* End XCConfigurationList section */
	};
	rootObject = 1895D6B719AFB78E0091F3FA /* Project object */;
}
